
Microsoft Visual Studio Solution File, Format Version 12.00
# Visual Studio 15
VisualStudioVersion = 15.0.28307.421
MinimumVisualStudioVersion = 10.0.40219.1
Project("{8BC9CEB8-8B4A-11D0-8D11-00A0C91BC942}") = "02-Bubble", "02-Bubble\02-Bubble.vcxproj", "{5BE6CA2A-E5A8-40CC-9015-047CE0C78036}"
EndProject
Global
	GlobalSection(SolutionConfigurationPlatforms) = preSolution
		bin|Win32 = bin|Win32
		Debug|Win32 = Debug|Win32
		Release|Win32 = Release|Win32
	EndGlobalSection
	GlobalSection(ProjectConfigurationPlatforms) = postSolution
		{5BE6CA2A-E5A8-40CC-9015-047CE0C78036}.bin|Win32.ActiveCfg = bin|Win32
		{5BE6CA2A-E5A8-40CC-9015-047CE0C78036}.bin|Win32.Build.0 = bin|Win32
		{5BE6CA2A-E5A8-40CC-9015-047CE0C78036}.Debug|Win32.ActiveCfg = Debug|Win32
		{5BE6CA2A-E5A8-40CC-9015-047CE0C78036}.Debug|Win32.Build.0 = Debug|Win32
		{5BE6CA2A-E5A8-40CC-9015-047CE0C78036}.Release|Win32.ActiveCfg = Release|Win32
		{5BE6CA2A-E5A8-40CC-9015-047CE0C78036}.Release|Win32.Build.0 = Release|Win32
	EndGlobalSection
	GlobalSection(SolutionProperties) = preSolution
		HideSolutionNode = FALSE
	EndGlobalSection
	GlobalSection(ExtensibilityGlobals) = postSolution
		SolutionGuid = {7B53A551-18AD-4927-958F-A72C351B7237}
	EndGlobalSection
EndGlobal
